
Microsoft Visual Studio Solution File, Format Version 12.00
# Visual Studio Version 16
VisualStudioVersion = 16.0.31624.102
MinimumVisualStudioVersion = 10.0.40219.1
Project("{FAE04EC0-301F-11D3-BF4B-00C04F79EFBC}") = "Tarea1", "Tarea1\Tarea1.csproj", "{FE2CE65E-48CF-469E-A61E-8B8AA0D1F227}"
EndProject
Global
	GlobalSection(SolutionConfigurationPlatforms) = preSolution
		Debug|Any CPU = Debug|Any CPU
		Release|Any CPU = Release|Any CPU
	EndGlobalSection
	GlobalSection(ProjectConfigurationPlatforms) = postSolution
		{FE2CE65E-48CF-469E-A61E-8B8AA0D1F227}.Debug|Any CPU.ActiveCfg = Debug|Any CPU
		{FE2CE65E-48CF-469E-A61E-8B8AA0D1F227}.Debug|Any CPU.Build.0 = Debug|Any CPU
		{FE2CE65E-48CF-469E-A61E-8B8AA0D1F227}.Release|Any CPU.ActiveCfg = Release|Any CPU
		{FE2CE65E-48CF-469E-A61E-8B8AA0D1F227}.Release|Any CPU.Build.0 = Release|Any CPU
	EndGlobalSection
	GlobalSection(SolutionProperties) = preSolution
		HideSolutionNode = FALSE
	EndGlobalSection
	GlobalSection(ExtensibilityGlobals) = postSolution
		SolutionGuid = {99444850-5A06-461C-9439-B33911A646CC}
	EndGlobalSection
EndGlobal
